
Microsoft Visual Studio Solution File, Format Version 12.00
# Visual Studio Version 17
VisualStudioVersion = 17.8.34322.80
MinimumVisualStudioVersion = 10.0.40219.1
Project("{FAE04EC0-301F-11D3-BF4B-00C04F79EFBC}") = "day1", "day1\day1.csproj", "{DE127F44-EC41-4237-ADC4-290435CA31A6}"
EndProject
Project("{FAE04EC0-301F-11D3-BF4B-00C04F79EFBC}") = "day2", "day2\day2.csproj", "{0B7040AC-4385-4EBD-923E-8ED5DE47A33E}"
EndProject
Project("{FAE04EC0-301F-11D3-BF4B-00C04F79EFBC}") = "day3", "day3\day3.csproj", "{7F4EF827-CA34-4EED-92CF-F00DD8C1AF01}"
EndProject
Project("{FAE04EC0-301F-11D3-BF4B-00C04F79EFBC}") = "day4", "day4\day4.csproj", "{7CFC2223-27CD-46C8-B2B1-0A9F5C7BB811}"
EndProject
Project("{FAE04EC0-301F-11D3-BF4B-00C04F79EFBC}") = "day5", "day5\day5.csproj", "{F32E2071-E866-48A1-9EF6-4D61FFBAEA92}"
EndProject
Project("{FAE04EC0-301F-11D3-BF4B-00C04F79EFBC}") = "day6", "day6\day6.csproj", "{34876204-7C70-4AD9-8E1A-957BC1DD41CD}"
EndProject
Project("{FAE04EC0-301F-11D3-BF4B-00C04F79EFBC}") = "day8", "day8\day8.csproj", "{DD525924-F2AA-45E4-91AA-D2C41802A643}"
EndProject
Project("{FAE04EC0-301F-11D3-BF4B-00C04F79EFBC}") = "day9", "day9\day9.csproj", "{EDF859D4-203B-4630-A42C-A2803E311FC4}"
EndProject
Global
	GlobalSection(SolutionConfigurationPlatforms) = preSolution
		Debug|Any CPU = Debug|Any CPU
		Release|Any CPU = Release|Any CPU
	EndGlobalSection
	GlobalSection(ProjectConfigurationPlatforms) = postSolution
		{DE127F44-EC41-4237-ADC4-290435CA31A6}.Debug|Any CPU.ActiveCfg = Debug|Any CPU
		{DE127F44-EC41-4237-ADC4-290435CA31A6}.Debug|Any CPU.Build.0 = Debug|Any CPU
		{DE127F44-EC41-4237-ADC4-290435CA31A6}.Release|Any CPU.ActiveCfg = Release|Any CPU
		{DE127F44-EC41-4237-ADC4-290435CA31A6}.Release|Any CPU.Build.0 = Release|Any CPU
		{0B7040AC-4385-4EBD-923E-8ED5DE47A33E}.Debug|Any CPU.ActiveCfg = Debug|Any CPU
		{0B7040AC-4385-4EBD-923E-8ED5DE47A33E}.Debug|Any CPU.Build.0 = Debug|Any CPU
		{0B7040AC-4385-4EBD-923E-8ED5DE47A33E}.Release|Any CPU.ActiveCfg = Release|Any CPU
		{0B7040AC-4385-4EBD-923E-8ED5DE47A33E}.Release|Any CPU.Build.0 = Release|Any CPU
		{7F4EF827-CA34-4EED-92CF-F00DD8C1AF01}.Debug|Any CPU.ActiveCfg = Debug|Any CPU
		{7F4EF827-CA34-4EED-92CF-F00DD8C1AF01}.Debug|Any CPU.Build.0 = Debug|Any CPU
		{7F4EF827-CA34-4EED-92CF-F00DD8C1AF01}.Release|Any CPU.ActiveCfg = Release|Any CPU
		{7F4EF827-CA34-4EED-92CF-F00DD8C1AF01}.Release|Any CPU.Build.0 = Release|Any CPU
		{7CFC2223-27CD-46C8-B2B1-0A9F5C7BB811}.Debug|Any CPU.ActiveCfg = Debug|Any CPU
		{7CFC2223-27CD-46C8-B2B1-0A9F5C7BB811}.Debug|Any CPU.Build.0 = Debug|Any CPU
		{7CFC2223-27CD-46C8-B2B1-0A9F5C7BB811}.Release|Any CPU.ActiveCfg = Release|Any CPU
		{7CFC2223-27CD-46C8-B2B1-0A9F5C7BB811}.Release|Any CPU.Build.0 = Release|Any CPU
		{F32E2071-E866-48A1-9EF6-4D61FFBAEA92}.Debug|Any CPU.ActiveCfg = Debug|Any CPU
		{F32E2071-E866-48A1-9EF6-4D61FFBAEA92}.Debug|Any CPU.Build.0 = Debug|Any CPU
		{F32E2071-E866-48A1-9EF6-4D61FFBAEA92}.Release|Any CPU.ActiveCfg = Release|Any CPU
		{F32E2071-E866-48A1-9EF6-4D61FFBAEA92}.Release|Any CPU.Build.0 = Release|Any CPU
		{34876204-7C70-4AD9-8E1A-957BC1DD41CD}.Debug|Any CPU.ActiveCfg = Debug|Any CPU
		{34876204-7C70-4AD9-8E1A-957BC1DD41CD}.Debug|Any CPU.Build.0 = Debug|Any CPU
		{34876204-7C70-4AD9-8E1A-957BC1DD41CD}.Release|Any CPU.ActiveCfg = Release|Any CPU
		{34876204-7C70-4AD9-8E1A-957BC1DD41CD}.Release|Any CPU.Build.0 = Release|Any CPU
		{DD525924-F2AA-45E4-91AA-D2C41802A643}.Debug|Any CPU.ActiveCfg = Debug|Any CPU
		{DD525924-F2AA-45E4-91AA-D2C41802A643}.Debug|Any CPU.Build.0 = Debug|Any CPU
		{DD525924-F2AA-45E4-91AA-D2C41802A643}.Release|Any CPU.ActiveCfg = Release|Any CPU
		{DD525924-F2AA-45E4-91AA-D2C41802A643}.Release|Any CPU.Build.0 = Release|Any CPU
		{EDF859D4-203B-4630-A42C-A2803E311FC4}.Debug|Any CPU.ActiveCfg = Debug|Any CPU
		{EDF859D4-203B-4630-A42C-A2803E311FC4}.Debug|Any CPU.Build.0 = Debug|Any CPU
		{EDF859D4-203B-4630-A42C-A2803E311FC4}.Release|Any CPU.ActiveCfg = Release|Any CPU
		{EDF859D4-203B-4630-A42C-A2803E311FC4}.Release|Any CPU.Build.0 = Release|Any CPU
	EndGlobalSection
	GlobalSection(SolutionProperties) = preSolution
		HideSolutionNode = FALSE
	EndGlobalSection
	GlobalSection(ExtensibilityGlobals) = postSolution
		SolutionGuid = {2B155E00-281E-459D-846F-ED5D2B360CE9}
	EndGlobalSection
EndGlobal
